
Microsoft Visual Studio Solution File, Format Version 12.00
Project("{FAE04EC0-301F-11D3-BF4B-00C04F79EFBC}") = "grass.api", "grass.api\grass.api.csproj", "{C7083995-C932-4001-8360-25BB6BEBEDCF}"
EndProject
Project("{FAE04EC0-301F-11D3-BF4B-00C04F79EFBC}") = "grass.core", "grass.core\grass.core.csproj", "{428195F5-B025-4014-8072-81E54FA634DB}"
EndProject
Project("{FAE04EC0-301F-11D3-BF4B-00C04F79EFBC}") = "grass.infrastructure", "grass.infrastructure\grass.infrastructure.csproj", "{747781CF-68BE-47E4-BC82-3D7285FB1131}"
EndProject
Global
	GlobalSection(SolutionConfigurationPlatforms) = preSolution
		Debug|Any CPU = Debug|Any CPU
		Release|Any CPU = Release|Any CPU
	EndGlobalSection
	GlobalSection(ProjectConfigurationPlatforms) = postSolution
		{C7083995-C932-4001-8360-25BB6BEBEDCF}.Debug|Any CPU.ActiveCfg = Debug|Any CPU
		{C7083995-C932-4001-8360-25BB6BEBEDCF}.Debug|Any CPU.Build.0 = Debug|Any CPU
		{C7083995-C932-4001-8360-25BB6BEBEDCF}.Release|Any CPU.ActiveCfg = Release|Any CPU
		{C7083995-C932-4001-8360-25BB6BEBEDCF}.Release|Any CPU.Build.0 = Release|Any CPU
		{428195F5-B025-4014-8072-81E54FA634DB}.Debug|Any CPU.ActiveCfg = Debug|Any CPU
		{428195F5-B025-4014-8072-81E54FA634DB}.Debug|Any CPU.Build.0 = Debug|Any CPU
		{428195F5-B025-4014-8072-81E54FA634DB}.Release|Any CPU.ActiveCfg = Release|Any CPU
		{428195F5-B025-4014-8072-81E54FA634DB}.Release|Any CPU.Build.0 = Release|Any CPU
		{747781CF-68BE-47E4-BC82-3D7285FB1131}.Debug|Any CPU.ActiveCfg = Debug|Any CPU
		{747781CF-68BE-47E4-BC82-3D7285FB1131}.Debug|Any CPU.Build.0 = Debug|Any CPU
		{747781CF-68BE-47E4-BC82-3D7285FB1131}.Release|Any CPU.ActiveCfg = Release|Any CPU
		{747781CF-68BE-47E4-BC82-3D7285FB1131}.Release|Any CPU.Build.0 = Release|Any CPU
	EndGlobalSection
EndGlobal
